
Microsoft Visual Studio Solution File, Format Version 12.00
# Visual Studio 15
VisualStudioVersion = 15.0.27428.1
MinimumVisualStudioVersion = 10.0.40219.1
Project("{FAE04EC0-301F-11D3-BF4B-00C04F79EFBC}") = "UP_Lab2_Karta_Dzwiekowa", "UP_Lab2_Karta_Dzwiekowa\UP_Lab2_Karta_Dzwiekowa.csproj", "{DC7F4189-3E44-4CDA-A5CA-723142547C61}"
EndProject
Global
	GlobalSection(SolutionConfigurationPlatforms) = preSolution
		Debug|Any CPU = Debug|Any CPU
		Release|Any CPU = Release|Any CPU
	EndGlobalSection
	GlobalSection(ProjectConfigurationPlatforms) = postSolution
		{DC7F4189-3E44-4CDA-A5CA-723142547C61}.Debug|Any CPU.ActiveCfg = Debug|Any CPU
		{DC7F4189-3E44-4CDA-A5CA-723142547C61}.Debug|Any CPU.Build.0 = Debug|Any CPU
		{DC7F4189-3E44-4CDA-A5CA-723142547C61}.Release|Any CPU.ActiveCfg = Release|Any CPU
		{DC7F4189-3E44-4CDA-A5CA-723142547C61}.Release|Any CPU.Build.0 = Release|Any CPU
	EndGlobalSection
	GlobalSection(SolutionProperties) = preSolution
		HideSolutionNode = FALSE
	EndGlobalSection
	GlobalSection(ExtensibilityGlobals) = postSolution
		SolutionGuid = {DB61AFF6-ECDF-4921-A14D-2A2C41500A32}
	EndGlobalSection
EndGlobal
